// !$*UTF8*$!
{
	archiveVersion = 1;
	classes = {
	};
	objectVersion = 50;
	objects = {

/* Begin PBXBuildFile section */
		79BC0F8F25246EC600CA3DE2 /* EmojiWidgetAppApp.swift in Sources */ = {isa = PBXBuildFile; fileRef = 79BC0F8E25246EC600CA3DE2 /* EmojiWidgetAppApp.swift */; };
		79BC0F9125246EC600CA3DE2 /* ContentView.swift in Sources */ = {isa = PBXBuildFile; fileRef = 79BC0F9025246EC600CA3DE2 /* ContentView.swift */; };
		79BC0F9325246EC800CA3DE2 /* Assets.xcassets in Resources */ = {isa = PBXBuildFile; fileRef = 79BC0F9225246EC800CA3DE2 /* Assets.xcassets */; };
		79BC0F9625246EC800CA3DE2 /* Preview Assets.xcassets in Resources */ = {isa = PBXBuildFile; fileRef = 79BC0F9525246EC800CA3DE2 /* Preview Assets.xcassets */; };
		79BC0F9F2524701500CA3DE2 /* Emoji.swift in Sources */ = {isa = PBXBuildFile; fileRef = 79BC0F9E2524701500CA3DE2 /* Emoji.swift */; };
		79BC0FA22524710500CA3DE2 /* EmojiView.swift in Sources */ = {isa = PBXBuildFile; fileRef = 79BC0FA12524710500CA3DE2 /* EmojiView.swift */; };
		79BC0FAD2524743C00CA3DE2 /* WidgetKit.framework in Frameworks */ = {isa = PBXBuildFile; fileRef = 79BC0FAC2524743C00CA3DE2 /* WidgetKit.framework */; };
		79BC0FAF2524743C00CA3DE2 /* SwiftUI.framework in Frameworks */ = {isa = PBXBuildFile; fileRef = 79BC0FAE2524743C00CA3DE2 /* SwiftUI.framework */; };
		79BC0FB22524743C00CA3DE2 /* My_Widget.swift in Sources */ = {isa = PBXBuildFile; fileRef = 79BC0FB12524743C00CA3DE2 /* My_Widget.swift */; };
		79BC0FB52524744000CA3DE2 /* Assets.xcassets in Resources */ = {isa = PBXBuildFile; fileRef = 79BC0FB42524744000CA3DE2 /* Assets.xcassets */; };
		79BC0FB72524744000CA3DE2 /* My_Widget.intentdefinition in Sources */ = {isa = PBXBuildFile; fileRef = 79BC0FB32524743C00CA3DE2 /* My_Widget.intentdefinition */; };
		79BC0FB82524744000CA3DE2 /* My_Widget.intentdefinition in Sources */ = {isa = PBXBuildFile; fileRef = 79BC0FB32524743C00CA3DE2 /* My_Widget.intentdefinition */; };
		79BC0FBB2524744000CA3DE2 /* My-WidgetExtension.appex in Embed App Extensions */ = {isa = PBXBuildFile; fileRef = 79BC0FAA2524743C00CA3DE2 /* My-WidgetExtension.appex */; settings = {ATTRIBUTES = (RemoveHeadersOnCopy, ); }; };
		79BC0FC42524754700CA3DE2 /* Emoji.swift in Sources */ = {isa = PBXBuildFile; fileRef = 79BC0F9E2524701500CA3DE2 /* Emoji.swift */; };
		79BC0FC72524755000CA3DE2 /* EmojiView.swift in Sources */ = {isa = PBXBuildFile; fileRef = 79BC0FA12524710500CA3DE2 /* EmojiView.swift */; };
/* End PBXBuildFile section */

/* Begin PBXContainerItemProxy section */
		79BC0FB92524744000CA3DE2 /* PBXContainerItemProxy */ = {
			isa = PBXContainerItemProxy;
			containerPortal = 79BC0F8325246EC600CA3DE2 /* Project object */;
			proxyType = 1;
			remoteGlobalIDString = 79BC0FA92524743C00CA3DE2;
			remoteInfo = "My-WidgetExtension";
		};
/* End PBXContainerItemProxy section */

/* Begin PBXCopyFilesBuildPhase section */
		79BC0FBF2524744000CA3DE2 /* Embed App Extensions */ = {
			isa = PBXCopyFilesBuildPhase;
			buildActionMask = 2147483647;
			dstPath = "";
			dstSubfolderSpec = 13;
			files = (
				79BC0FBB2524744000CA3DE2 /* My-WidgetExtension.appex in Embed App Extensions */,
			);
			name = "Embed App Extensions";
			runOnlyForDeploymentPostprocessing = 0;
		};
/* End PBXCopyFilesBuildPhase section */

/* Begin PBXFileReference section */
		79BC0F8B25246EC600CA3DE2 /* EmojiWidgetApp.app */ = {isa = PBXFileReference; explicitFileType = wrapper.application; includeInIndex = 0; path = EmojiWidgetApp.app; sourceTree = BUILT_PRODUCTS_DIR; };
		79BC0F8E25246EC600CA3DE2 /* EmojiWidgetAppApp.swift */ = {isa = PBXFileReference; lastKnownFileType = sourcecode.swift; path = EmojiWidgetAppApp.swift; sourceTree = "<group>"; };
		79BC0F9025246EC600CA3DE2 /* ContentView.swift */ = {isa = PBXFileReference; lastKnownFileType = sourcecode.swift; path = ContentView.swift; sourceTree = "<group>"; };
		79BC0F9225246EC800CA3DE2 /* Assets.xcassets */ = {isa = PBXFileReference; lastKnownFileType = folder.assetcatalog; path = Assets.xcassets; sourceTree = "<group>"; };
		79BC0F9525246EC800CA3DE2 /* Preview Assets.xcassets */ = {isa = PBXFileReference; lastKnownFileType = folder.assetcatalog; path = "Preview Assets.xcassets"; sourceTree = "<group>"; };
		79BC0F9725246EC800CA3DE2 /* Info.plist */ = {isa = PBXFileReference; lastKnownFileType = text.plist.xml; path = Info.plist; sourceTree = "<group>"; };
		79BC0F9E2524701500CA3DE2 /* Emoji.swift */ = {isa = PBXFileReference; lastKnownFileType = sourcecode.swift; path = Emoji.swift; sourceTree = "<group>"; };
		79BC0FA12524710500CA3DE2 /* EmojiView.swift */ = {isa = PBXFileReference; lastKnownFileType = sourcecode.swift; path = EmojiView.swift; sourceTree = "<group>"; };
		79BC0FA4252472A100CA3DE2 /* EmojiWidgetApp.entitlements */ = {isa = PBXFileReference; lastKnownFileType = text.plist.entitlements; path = EmojiWidgetApp.entitlements; sourceTree = "<group>"; };
		79BC0FAA2524743C00CA3DE2 /* My-WidgetExtension.appex */ = {isa = PBXFileReference; explicitFileType = "wrapper.app-extension"; includeInIndex = 0; path = "My-WidgetExtension.appex"; sourceTree = BUILT_PRODUCTS_DIR; };
		79BC0FAC2524743C00CA3DE2 /* WidgetKit.framework */ = {isa = PBXFileReference; lastKnownFileType = wrapper.framework; name = WidgetKit.framework; path = System/Library/Frameworks/WidgetKit.framework; sourceTree = SDKROOT; };
		79BC0FAE2524743C00CA3DE2 /* SwiftUI.framework */ = {isa = PBXFileReference; lastKnownFileType = wrapper.framework; name = SwiftUI.framework; path = System/Library/Frameworks/SwiftUI.framework; sourceTree = SDKROOT; };
		79BC0FB12524743C00CA3DE2 /* My_Widget.swift */ = {isa = PBXFileReference; lastKnownFileType = sourcecode.swift; path = My_Widget.swift; sourceTree = "<group>"; };
		79BC0FB32524743C00CA3DE2 /* My_Widget.intentdefinition */ = {isa = PBXFileReference; lastKnownFileType = file.intentdefinition; path = My_Widget.intentdefinition; sourceTree = "<group>"; };
		79BC0FB42524744000CA3DE2 /* Assets.xcassets */ = {isa = PBXFileReference; lastKnownFileType = folder.assetcatalog; path = Assets.xcassets; sourceTree = "<group>"; };
		79BC0FB62524744000CA3DE2 /* Info.plist */ = {isa = PBXFileReference; lastKnownFileType = text.plist.xml; path = Info.plist; sourceTree = "<group>"; };
		79BC0FCA252475BC00CA3DE2 /* My-WidgetExtension.entitlements */ = {isa = PBXFileReference; lastKnownFileType = text.plist.entitlements; path = "My-WidgetExtension.entitlements"; sourceTree = "<group>"; };
/* End PBXFileReference section */

/* Begin PBXFrameworksBuildPhase section */
		79BC0F8825246EC600CA3DE2 /* Frameworks */ = {
			isa = PBXFrameworksBuildPhase;
			buildActionMask = 2147483647;
			files = (
			);
			runOnlyForDeploymentPostprocessing = 0;
		};
		79BC0FA72524743C00CA3DE2 /* Frameworks */ = {
			isa = PBXFrameworksBuildPhase;
			buildActionMask = 2147483647;
			files = (
				79BC0FAF2524743C00CA3DE2 /* SwiftUI.framework in Frameworks */,
				79BC0FAD2524743C00CA3DE2 /* WidgetKit.framework in Frameworks */,
			);
			runOnlyForDeploymentPostprocessing = 0;
		};
/* End PBXFrameworksBuildPhase section */

/* Begin PBXGroup section */
		79BC0F8225246EC600CA3DE2 = {
			isa = PBXGroup;
			children = (
				79BC0FCA252475BC00CA3DE2 /* My-WidgetExtension.entitlements */,
				79BC0F8D25246EC600CA3DE2 /* EmojiWidgetApp */,
				79BC0FB02524743C00CA3DE2 /* My-Widget */,
				79BC0FAB2524743C00CA3DE2 /* Frameworks */,
				79BC0F8C25246EC600CA3DE2 /* Products */,
			);
			sourceTree = "<group>";
		};
		79BC0F8C25246EC600CA3DE2 /* Products */ = {
			isa = PBXGroup;
			children = (
				79BC0F8B25246EC600CA3DE2 /* EmojiWidgetApp.app */,
				79BC0FAA2524743C00CA3DE2 /* My-WidgetExtension.appex */,
			);
			name = Products;
			sourceTree = "<group>";
		};
		79BC0F8D25246EC600CA3DE2 /* EmojiWidgetApp */ = {
			isa = PBXGroup;
			children = (
				79BC0FA4252472A100CA3DE2 /* EmojiWidgetApp.entitlements */,
				79BC0F8E25246EC600CA3DE2 /* EmojiWidgetAppApp.swift */,
				79BC0F9025246EC600CA3DE2 /* ContentView.swift */,
				79BC0FA12524710500CA3DE2 /* EmojiView.swift */,
				79BC0F9225246EC800CA3DE2 /* Assets.xcassets */,
				79BC0F9725246EC800CA3DE2 /* Info.plist */,
				79BC0F9425246EC800CA3DE2 /* Preview Content */,
				79BC0F9E2524701500CA3DE2 /* Emoji.swift */,
			);
			path = EmojiWidgetApp;
			sourceTree = "<group>";
		};
		79BC0F9425246EC800CA3DE2 /* Preview Content */ = {
			isa = PBXGroup;
			children = (
				79BC0F9525246EC800CA3DE2 /* Preview Assets.xcassets */,
			);
			path = "Preview Content";
			sourceTree = "<group>";
		};
		79BC0FAB2524743C00CA3DE2 /* Frameworks */ = {
			isa = PBXGroup;
			children = (
				79BC0FAC2524743C00CA3DE2 /* WidgetKit.framework */,
				79BC0FAE2524743C00CA3DE2 /* SwiftUI.framework */,
			);
			name = Frameworks;
			sourceTree = "<group>";
		};
		79BC0FB02524743C00CA3DE2 /* My-Widget */ = {
			isa = PBXGroup;
			children = (
				79BC0FB12524743C00CA3DE2 /* My_Widget.swift */,
				79BC0FB32524743C00CA3DE2 /* My_Widget.intentdefinition */,
				79BC0FB42524744000CA3DE2 /* Assets.xcassets */,
				79BC0FB62524744000CA3DE2 /* Info.plist */,
			);
			path = "My-Widget";
			sourceTree = "<group>";
		};
/* End PBXGroup section */

/* Begin PBXNativeTarget section */
		79BC0F8A25246EC600CA3DE2 /* EmojiWidgetApp */ = {
			isa = PBXNativeTarget;
			buildConfigurationList = 79BC0F9A25246EC800CA3DE2 /* Build configuration list for PBXNativeTarget "EmojiWidgetApp" */;
			buildPhases = (
				79BC0F8725246EC600CA3DE2 /* Sources */,
				79BC0F8825246EC600CA3DE2 /* Frameworks */,
				79BC0F8925246EC600CA3DE2 /* Resources */,
				79BC0FBF2524744000CA3DE2 /* Embed App Extensions */,
			);
			buildRules = (
			);
			dependencies = (
				79BC0FBA2524744000CA3DE2 /* PBXTargetDependency */,
			);
			name = EmojiWidgetApp;
			productName = EmojiWidgetApp;
			productReference = 79BC0F8B25246EC600CA3DE2 /* EmojiWidgetApp.app */;
			productType = "com.apple.product-type.application";
		};
		79BC0FA92524743C00CA3DE2 /* My-WidgetExtension */ = {
			isa = PBXNativeTarget;
			buildConfigurationList = 79BC0FBC2524744000CA3DE2 /* Build configuration list for PBXNativeTarget "My-WidgetExtension" */;
			buildPhases = (
				79BC0FA62524743C00CA3DE2 /* Sources */,
				79BC0FA72524743C00CA3DE2 /* Frameworks */,
				79BC0FA82524743C00CA3DE2 /* Resources */,
			);
			buildRules = (
			);
			dependencies = (
			);
			name = "My-WidgetExtension";
			productName = "My-WidgetExtension";
			productReference = 79BC0FAA2524743C00CA3DE2 /* My-WidgetExtension.appex */;
			productType = "com.apple.product-type.app-extension";
		};
/* End PBXNativeTarget section */

/* Begin PBXProject section */
		79BC0F8325246EC600CA3DE2 /* Project object */ = {
			isa = PBXProject;
			attributes = {
				LastSwiftUpdateCheck = 1200;
				LastUpgradeCheck = 1200;
				TargetAttributes = {
					79BC0F8A25246EC600CA3DE2 = {
						CreatedOnToolsVersion = 12.0;
					};
					79BC0FA92524743C00CA3DE2 = {
						CreatedOnToolsVersion = 12.0;
					};
				};
			};
			buildConfigurationList = 79BC0F8625246EC600CA3DE2 /* Build configuration list for PBXProject "EmojiWidgetApp" */;
			compatibilityVersion = "Xcode 9.3";
			developmentRegion = en;
			hasScannedForEncodings = 0;
			knownRegions = (
				en,
				Base,
			);
			mainGroup = 79BC0F8225246EC600CA3DE2;
			productRefGroup = 79BC0F8C25246EC600CA3DE2 /* Products */;
			projectDirPath = "";
			projectRoot = "";
			targets = (
				79BC0F8A25246EC600CA3DE2 /* EmojiWidgetApp */,
				79BC0FA92524743C00CA3DE2 /* My-WidgetExtension */,
			);
		};
/* End PBXProject section */

/* Begin PBXResourcesBuildPhase section */
		79BC0F8925246EC600CA3DE2 /* Resources */ = {
			isa = PBXResourcesBuildPhase;
			buildActionMask = 2147483647;
			files = (
				79BC0F9625246EC800CA3DE2 /* Preview Assets.xcassets in Resources */,
				79BC0F9325246EC800CA3DE2 /* Assets.xcassets in Resources */,
			);
			runOnlyForDeploymentPostprocessing = 0;
		};
		79BC0FA82524743C00CA3DE2 /* Resources */ = {
			isa = PBXResourcesBuildPhase;
			buildActionMask = 2147483647;
			files = (
				79BC0FB52524744000CA3DE2 /* Assets.xcassets in Resources */,
			);
			runOnlyForDeploymentPostprocessing = 0;
		};
/* End PBXResourcesBuildPhase section */

/* Begin PBXSourcesBuildPhase section */
		79BC0F8725246EC600CA3DE2 /* Sources */ = {
			isa = PBXSourcesBuildPhase;
			buildActionMask = 2147483647;
			files = (
				79BC0F9F2524701500CA3DE2 /* Emoji.swift in Sources */,
				79BC0FA22524710500CA3DE2 /* EmojiView.swift in Sources */,
				79BC0F9125246EC600CA3DE2 /* ContentView.swift in Sources */,
				79BC0FB82524744000CA3DE2 /* My_Widget.intentdefinition in Sources */,
				79BC0F8F25246EC600CA3DE2 /* EmojiWidgetAppApp.swift in Sources */,
			);
			runOnlyForDeploymentPostprocessing = 0;
		};
		79BC0FA62524743C00CA3DE2 /* Sources */ = {
			isa = PBXSourcesBuildPhase;
			buildActionMask = 2147483647;
			files = (
				79BC0FC42524754700CA3DE2 /* Emoji.swift in Sources */,
				79BC0FC72524755000CA3DE2 /* EmojiView.swift in Sources */,
				79BC0FB72524744000CA3DE2 /* My_Widget.intentdefinition in Sources */,
				79BC0FB22524743C00CA3DE2 /* My_Widget.swift in Sources */,
			);
			runOnlyForDeploymentPostprocessing = 0;
		};
/* End PBXSourcesBuildPhase section */

/* Begin PBXTargetDependency section */
		79BC0FBA2524744000CA3DE2 /* PBXTargetDependency */ = {
			isa = PBXTargetDependency;
			target = 79BC0FA92524743C00CA3DE2 /* My-WidgetExtension */;
			targetProxy = 79BC0FB92524744000CA3DE2 /* PBXContainerItemProxy */;
		};
/* End PBXTargetDependency section */

/* Begin XCBuildConfiguration section */
		79BC0F9825246EC800CA3DE2 /* Debug */ = {
			isa = XCBuildConfiguration;
			buildSettings = {
				ALWAYS_SEARCH_USER_PATHS = NO;
				CLANG_ANALYZER_NONNULL = YES;
				CLANG_ANALYZER_NUMBER_OBJECT_CONVERSION = YES_AGGRESSIVE;
				CLANG_CXX_LANGUAGE_STANDARD = "gnu++14";
				CLANG_CXX_LIBRARY = "libc++";
				CLANG_ENABLE_MODULES = YES;
				CLANG_ENABLE_OBJC_ARC = YES;
				CLANG_ENABLE_OBJC_WEAK = YES;
				CLANG_WARN_BLOCK_CAPTURE_AUTORELEASING = YES;
				CLANG_WARN_BOOL_CONVERSION = YES;
				CLANG_WARN_COMMA = YES;
				CLANG_WARN_CONSTANT_CONVERSION = YES;
				CLANG_WARN_DEPRECATED_OBJC_IMPLEMENTATIONS = YES;
				CLANG_WARN_DIRECT_OBJC_ISA_USAGE = YES_ERROR;
				CLANG_WARN_DOCUMENTATION_COMMENTS = YES;
				CLANG_WARN_EMPTY_BODY = YES;
				CLANG_WARN_ENUM_CONVERSION = YES;
				CLANG_WARN_INFINITE_RECURSION = YES;
				CLANG_WARN_INT_CONVERSION = YES;
				CLANG_WARN_NON_LITERAL_NULL_CONVERSION = YES;
				CLANG_WARN_OBJC_IMPLICIT_RETAIN_SELF = YES;
				CLANG_WARN_OBJC_LITERAL_CONVERSION = YES;
				CLANG_WARN_OBJC_ROOT_CLASS = YES_ERROR;
				CLANG_WARN_QUOTED_INCLUDE_IN_FRAMEWORK_HEADER = YES;
				CLANG_WARN_RANGE_LOOP_ANALYSIS = YES;
				CLANG_WARN_STRICT_PROTOTYPES = YES;
				CLANG_WARN_SUSPICIOUS_MOVE = YES;
				CLANG_WARN_UNGUARDED_AVAILABILITY = YES_AGGRESSIVE;
				CLANG_WARN_UNREACHABLE_CODE = YES;
				CLANG_WARN__DUPLICATE_METHOD_MATCH = YES;
				COPY_PHASE_STRIP = NO;
				DEBUG_INFORMATION_FORMAT = dwarf;
				ENABLE_STRICT_OBJC_MSGSEND = YES;
				ENABLE_TESTABILITY = YES;
				GCC_C_LANGUAGE_STANDARD = gnu11;
				GCC_DYNAMIC_NO_PIC = NO;
				GCC_NO_COMMON_BLOCKS = YES;
				GCC_OPTIMIZATION_LEVEL = 0;
				GCC_PREPROCESSOR_DEFINITIONS = (
					"DEBUG=1",
					"$(inherited)",
				);
				GCC_WARN_64_TO_32_BIT_CONVERSION = YES;
				GCC_WARN_ABOUT_RETURN_TYPE = YES_ERROR;
				GCC_WARN_UNDECLARED_SELECTOR = YES;
				GCC_WARN_UNINITIALIZED_AUTOS = YES_AGGRESSIVE;
				GCC_WARN_UNUSED_FUNCTION = YES;
				GCC_WARN_UNUSED_VARIABLE = YES;
				IPHONEOS_DEPLOYMENT_TARGET = 14.0;
				MTL_ENABLE_DEBUG_INFO = INCLUDE_SOURCE;
				MTL_FAST_MATH = YES;
				ONLY_ACTIVE_ARCH = YES;
				SDKROOT = iphoneos;
				SWIFT_ACTIVE_COMPILATION_CONDITIONS = DEBUG;
				SWIFT_OPTIMIZATION_LEVEL = "-Onone";
			};
			name = Debug;
		};
		79BC0F9925246EC800CA3DE2 /* Release */ = {
			isa = XCBuildConfiguration;
			buildSettings = {
				ALWAYS_SEARCH_USER_PATHS = NO;
				CLANG_ANALYZER_NONNULL = YES;
				CLANG_ANALYZER_NUMBER_OBJECT_CONVERSION = YES_AGGRESSIVE;
				CLANG_CXX_LANGUAGE_STANDARD = "gnu++14";
				CLANG_CXX_LIBRARY = "libc++";
				CLANG_ENABLE_MODULES = YES;
				CLANG_ENABLE_OBJC_ARC = YES;
				CLANG_ENABLE_OBJC_WEAK = YES;
				CLANG_WARN_BLOCK_CAPTURE_AUTORELEASING = YES;
				CLANG_WARN_BOOL_CONVERSION = YES;
				CLANG_WARN_COMMA = YES;
				CLANG_WARN_CONSTANT_CONVERSION = YES;
				CLANG_WARN_DEPRECATED_OBJC_IMPLEMENTATIONS = YES;
				CLANG_WARN_DIRECT_OBJC_ISA_USAGE = YES_ERROR;
				CLANG_WARN_DOCUMENTATION_COMMENTS = YES;
				CLANG_WARN_EMPTY_BODY = YES;
				CLANG_WARN_ENUM_CONVERSION = YES;
				CLANG_WARN_INFINITE_RECURSION = YES;
				CLANG_WARN_INT_CONVERSION = YES;
				CLANG_WARN_NON_LITERAL_NULL_CONVERSION = YES;
				CLANG_WARN_OBJC_IMPLICIT_RETAIN_SELF = YES;
				CLANG_WARN_OBJC_LITERAL_CONVERSION = YES;
				CLANG_WARN_OBJC_ROOT_CLASS = YES_ERROR;
				CLANG_WARN_QUOTED_INCLUDE_IN_FRAMEWORK_HEADER = YES;
				CLANG_WARN_RANGE_LOOP_ANALYSIS = YES;
				CLANG_WARN_STRICT_PROTOTYPES = YES;
				CLANG_WARN_SUSPICIOUS_MOVE = YES;
				CLANG_WARN_UNGUARDED_AVAILABILITY = YES_AGGRESSIVE;
				CLANG_WARN_UNREACHABLE_CODE = YES;
				CLANG_WARN__DUPLICATE_METHOD_MATCH = YES;
				COPY_PHASE_STRIP = NO;
				DEBUG_INFORMATION_FORMAT = "dwarf-with-dsym";
				ENABLE_NS_ASSERTIONS = NO;
				ENABLE_STRICT_OBJC_MSGSEND = YES;
				GCC_C_LANGUAGE_STANDARD = gnu11;
				GCC_NO_COMMON_BLOCKS = YES;
				GCC_WARN_64_TO_32_BIT_CONVERSION = YES;
				GCC_WARN_ABOUT_RETURN_TYPE = YES_ERROR;
				GCC_WARN_UNDECLARED_SELECTOR = YES;
				GCC_WARN_UNINITIALIZED_AUTOS = YES_AGGRESSIVE;
				GCC_WARN_UNUSED_FUNCTION = YES;
				GCC_WARN_UNUSED_VARIABLE = YES;
				IPHONEOS_DEPLOYMENT_TARGET = 14.0;
				MTL_ENABLE_DEBUG_INFO = NO;
				MTL_FAST_MATH = YES;
				SDKROOT = iphoneos;
				SWIFT_COMPILATION_MODE = wholemodule;
				SWIFT_OPTIMIZATION_LEVEL = "-O";
				VALIDATE_PRODUCT = YES;
			};
			name = Release;
		};
		79BC0F9B25246EC800CA3DE2 /* Debug */ = {
			isa = XCBuildConfiguration;
			buildSettings = {
				ALWAYS_EMBED_SWIFT_STANDARD_LIBRARIES = YES;
				ASSETCATALOG_COMPILER_APPICON_NAME = AppIcon;
				ASSETCATALOG_COMPILER_GLOBAL_ACCENT_COLOR_NAME = AccentColor;
				CODE_SIGN_ENTITLEMENTS = EmojiWidgetApp/EmojiWidgetApp.entitlements;
				CODE_SIGN_STYLE = Automatic;
				DEVELOPMENT_ASSET_PATHS = "\"EmojiWidgetApp/Preview Content\"";
				DEVELOPMENT_TEAM = V2499F3BZ5;
				ENABLE_PREVIEWS = YES;
				INFOPLIST_FILE = EmojiWidgetApp/Info.plist;
				IPHONEOS_DEPLOYMENT_TARGET = 14.0;
				LD_RUNPATH_SEARCH_PATHS = (
					"$(inherited)",
					"@executable_path/Frameworks",
				);
				PRODUCT_BUNDLE_IDENTIFIER = com.sarmaxsri.EmojiWidgetApp;
				PRODUCT_NAME = "$(TARGET_NAME)";
				SWIFT_VERSION = 5.0;
				TARGETED_DEVICE_FAMILY = "1,2";
			};
			name = Debug;
		};
		79BC0F9C25246EC800CA3DE2 /* Release */ = {
			isa = XCBuildConfiguration;
			buildSettings = {
				ALWAYS_EMBED_SWIFT_STANDARD_LIBRARIES = YES;
				ASSETCATALOG_COMPILER_APPICON_NAME = AppIcon;
				ASSETCATALOG_COMPILER_GLOBAL_ACCENT_COLOR_NAME = AccentColor;
				CODE_SIGN_ENTITLEMENTS = EmojiWidgetApp/EmojiWidgetApp.entitlements;
				CODE_SIGN_STYLE = Automatic;
				DEVELOPMENT_ASSET_PATHS = "\"EmojiWidgetApp/Preview Content\"";
				DEVELOPMENT_TEAM = V2499F3BZ5;
				ENABLE_PREVIEWS = YES;
				INFOPLIST_FILE = EmojiWidgetApp/Info.plist;
				IPHONEOS_DEPLOYMENT_TARGET = 14.0;
				LD_RUNPATH_SEARCH_PATHS = (
					"$(inherited)",
					"@executable_path/Frameworks",
				);
				PRODUCT_BUNDLE_IDENTIFIER = com.sarmaxsri.EmojiWidgetApp;
				PRODUCT_NAME = "$(TARGET_NAME)";
				SWIFT_VERSION = 5.0;
				TARGETED_DEVICE_FAMILY = "1,2";
			};
			name = Release;
		};
		79BC0FBD2524744000CA3DE2 /* Debug */ = {
			isa = XCBuildConfiguration;
			buildSettings = {
				ASSETCATALOG_COMPILER_GLOBAL_ACCENT_COLOR_NAME = AccentColor;
				ASSETCATALOG_COMPILER_WIDGET_BACKGROUND_COLOR_NAME = WidgetBackground;
				CODE_SIGN_ENTITLEMENTS = "My-WidgetExtension.entitlements";
				CODE_SIGN_STYLE = Automatic;
				DEVELOPMENT_TEAM = V2499F3BZ5;
				INFOPLIST_FILE = "My-Widget/Info.plist";
				LD_RUNPATH_SEARCH_PATHS = (
					"$(inherited)",
					"@executable_path/Frameworks",
					"@executable_path/../../Frameworks",
				);
				PRODUCT_BUNDLE_IDENTIFIER = "com.sarmaxsri.EmojiWidgetApp.My-Widget";
				PRODUCT_NAME = "$(TARGET_NAME)";
				SKIP_INSTALL = YES;
				SWIFT_VERSION = 5.0;
				TARGETED_DEVICE_FAMILY = "1,2";
			};
			name = Debug;
		};
		79BC0FBE2524744000CA3DE2 /* Release */ = {
			isa = XCBuildConfiguration;
			buildSettings = {
				ASSETCATALOG_COMPILER_GLOBAL_ACCENT_COLOR_NAME = AccentColor;
				ASSETCATALOG_COMPILER_WIDGET_BACKGROUND_COLOR_NAME = WidgetBackground;
				CODE_SIGN_ENTITLEMENTS = "My-WidgetExtension.entitlements";
				CODE_SIGN_STYLE = Automatic;
				DEVELOPMENT_TEAM = V2499F3BZ5;
				INFOPLIST_FILE = "My-Widget/Info.plist";
				LD_RUNPATH_SEARCH_PATHS = (
					"$(inherited)",
					"@executable_path/Frameworks",
					"@executable_path/../../Frameworks",
				);
				PRODUCT_BUNDLE_IDENTIFIER = "com.sarmaxsri.EmojiWidgetApp.My-Widget";
				PRODUCT_NAME = "$(TARGET_NAME)";
				SKIP_INSTALL = YES;
				SWIFT_VERSION = 5.0;
				TARGETED_DEVICE_FAMILY = "1,2";
			};
			name = Release;
		};
/* End XCBuildConfiguration section */

/* Begin XCConfigurationList section */
		79BC0F8625246EC600CA3DE2 /* Build configuration list for PBXProject "EmojiWidgetApp" */ = {
			isa = XCConfigurationList;
			buildConfigurations = (
				79BC0F9825246EC800CA3DE2 /* Debug */,
				79BC0F9925246EC800CA3DE2 /* Release */,
			);
			defaultConfigurationIsVisible = 0;
			defaultConfigurationName = Release;
		};
		79BC0F9A25246EC800CA3DE2 /* Build configuration list for PBXNativeTarget "EmojiWidgetApp" */ = {
			isa = XCConfigurationList;
			buildConfigurations = (
				79BC0F9B25246EC800CA3DE2 /* Debug */,
				79BC0F9C25246EC800CA3DE2 /* Release */,
			);
			defaultConfigurationIsVisible = 0;
			defaultConfigurationName = Release;
		};
		79BC0FBC2524744000CA3DE2 /* Build configuration list for PBXNativeTarget "My-WidgetExtension" */ = {
			isa = XCConfigurationList;
			buildConfigurations = (
				79BC0FBD2524744000CA3DE2 /* Debug */,
				79BC0FBE2524744000CA3DE2 /* Release */,
			);
			defaultConfigurationIsVisible = 0;
			defaultConfigurationName = Release;
		};
/* End XCConfigurationList section */
	};
	rootObject = 79BC0F8325246EC600CA3DE2 /* Project object */;
}
